
Microsoft Visual Studio Solution File, Format Version 12.00
# Visual Studio Version 16
VisualStudioVersion = 16.0.30804.86
MinimumVisualStudioVersion = 10.0.40219.1
Project("{FAE04EC0-301F-11D3-BF4B-00C04F79EFBC}") = "KK_IntroBegone", "KK_IntroBegone\KK_IntroBegone.csproj", "{799E8918-D6E9-47AF-9218-466D328960FC}"
EndProject
Project("{FAE04EC0-301F-11D3-BF4B-00C04F79EFBC}") = "PH_IntroBegone", "PH_IntroBegone\PH_IntroBegone.csproj", "{EB1A1274-848E-410F-8BFB-78880F74DEE3}"
EndProject
Project("{D954291E-2A0B-460D-934E-DC6B0785DB48}") = "Shared_IntroBegone", "Shared_IntroBegone\Shared_IntroBegone.shproj", "{845D3E43-6691-4ADF-8B1C-E8F98015B547}"
EndProject
Project("{FAE04EC0-301F-11D3-BF4B-00C04F79EFBC}") = "HS_IntroBegone", "HS_IntroBegone\HS_IntroBegone.csproj", "{6A7A2CC4-AC8E-4B69-A330-CA4A9AB3BFD7}"
EndProject
Project("{FAE04EC0-301F-11D3-BF4B-00C04F79EFBC}") = "AI_IntroBegone", "AI_IntroBegone\AI_IntroBegone.csproj", "{914F7C11-7C05-4281-B8FB-E99D7F3582D0}"
EndProject
Global
	GlobalSection(SharedMSBuildProjectFiles) = preSolution
		Shared_IntroBegone\Shared_IntroBegone.projitems*{6a7a2cc4-ac8e-4b69-a330-ca4a9ab3bfd7}*SharedItemsImports = 4
		Shared_IntroBegone\Shared_IntroBegone.projitems*{799e8918-d6e9-47af-9218-466d328960fc}*SharedItemsImports = 4
		Shared_IntroBegone\Shared_IntroBegone.projitems*{845d3e43-6691-4adf-8b1c-e8f98015b547}*SharedItemsImports = 13
		Shared_IntroBegone\Shared_IntroBegone.projitems*{914f7c11-7c05-4281-b8fb-e99d7f3582d0}*SharedItemsImports = 4
		Shared_IntroBegone\Shared_IntroBegone.projitems*{eb1a1274-848e-410f-8bfb-78880f74dee3}*SharedItemsImports = 4
	EndGlobalSection
	GlobalSection(SolutionConfigurationPlatforms) = preSolution
		Debug|Any CPU = Debug|Any CPU
		Release|Any CPU = Release|Any CPU
	EndGlobalSection
	GlobalSection(ProjectConfigurationPlatforms) = postSolution
		{799E8918-D6E9-47AF-9218-466D328960FC}.Debug|Any CPU.ActiveCfg = Debug|Any CPU
		{799E8918-D6E9-47AF-9218-466D328960FC}.Debug|Any CPU.Build.0 = Debug|Any CPU
		{799E8918-D6E9-47AF-9218-466D328960FC}.Release|Any CPU.ActiveCfg = Release|Any CPU
		{799E8918-D6E9-47AF-9218-466D328960FC}.Release|Any CPU.Build.0 = Release|Any CPU
		{EB1A1274-848E-410F-8BFB-78880F74DEE3}.Debug|Any CPU.ActiveCfg = Debug|Any CPU
		{EB1A1274-848E-410F-8BFB-78880F74DEE3}.Debug|Any CPU.Build.0 = Debug|Any CPU
		{EB1A1274-848E-410F-8BFB-78880F74DEE3}.Release|Any CPU.ActiveCfg = Release|Any CPU
		{EB1A1274-848E-410F-8BFB-78880F74DEE3}.Release|Any CPU.Build.0 = Release|Any CPU
		{6A7A2CC4-AC8E-4B69-A330-CA4A9AB3BFD7}.Debug|Any CPU.ActiveCfg = Debug|Any CPU
		{6A7A2CC4-AC8E-4B69-A330-CA4A9AB3BFD7}.Debug|Any CPU.Build.0 = Debug|Any CPU
		{6A7A2CC4-AC8E-4B69-A330-CA4A9AB3BFD7}.Release|Any CPU.ActiveCfg = Release|Any CPU
		{6A7A2CC4-AC8E-4B69-A330-CA4A9AB3BFD7}.Release|Any CPU.Build.0 = Release|Any CPU
		{914F7C11-7C05-4281-B8FB-E99D7F3582D0}.Debug|Any CPU.ActiveCfg = Debug|Any CPU
		{914F7C11-7C05-4281-B8FB-E99D7F3582D0}.Debug|Any CPU.Build.0 = Debug|Any CPU
		{914F7C11-7C05-4281-B8FB-E99D7F3582D0}.Release|Any CPU.ActiveCfg = Release|Any CPU
		{914F7C11-7C05-4281-B8FB-E99D7F3582D0}.Release|Any CPU.Build.0 = Release|Any CPU
	EndGlobalSection
	GlobalSection(SolutionProperties) = preSolution
		HideSolutionNode = FALSE
	EndGlobalSection
	GlobalSection(ExtensibilityGlobals) = postSolution
		SolutionGuid = {FDFF1C20-A8AF-42FB-8BD8-4B5087BC50F3}
	EndGlobalSection
EndGlobal
